
Microsoft Visual Studio Solution File, Format Version 12.00
# Visual Studio Version 17
VisualStudioVersion = 17.1.32210.238
MinimumVisualStudioVersion = 10.0.40219.1
Project("{9A19103F-16F7-4668-BE54-9A1E7A4F7556}") = "TeduCoreApp", "TeduCoreApp\TeduCoreApp.csproj", "{A66EE1A2-9F6C-4AC5-A846-BD3274B52F1C}"
EndProject
Project("{9A19103F-16F7-4668-BE54-9A1E7A4F7556}") = "TeduCoreApp.Data", "TeduCoreApp.Data\TeduCoreApp.Data.csproj", "{77E711E2-EFAA-4278-ACF0-30813ACBF845}"
EndProject
Project("{9A19103F-16F7-4668-BE54-9A1E7A4F7556}") = "TeduCoreApp.Data.EF", "TeduCoreApp.Data.EF\TeduCoreApp.Data.EF.csproj", "{83C57398-E542-4E93-8F3E-276CA8A65EBA}"
EndProject
Project("{9A19103F-16F7-4668-BE54-9A1E7A4F7556}") = "TeduCoreApp.Infrastructure", "TeduCoreApp.Infrastructure\TeduCoreApp.Infrastructure.csproj", "{F1EECAE7-433B-417F-A541-F8E2E80C1658}"
EndProject
Project("{9A19103F-16F7-4668-BE54-9A1E7A4F7556}") = "TeduCoreApp.Utilities", "TeduCoreApp.Utilities\TeduCoreApp.Utilities.csproj", "{58469185-7B2D-4A29-8A08-ED38EED78AC7}"
EndProject
Project("{9A19103F-16F7-4668-BE54-9A1E7A4F7556}") = "TeduCoreApp.Application", "TeduCoreApp.Application\TeduCoreApp.Application.csproj", "{45A79B69-C0A6-4A12-81AF-F5E2861F3F7E}"
EndProject
Project("{2150E333-8FDC-42A3-9474-1A3956D46DE8}") = "1 - Presentation", "1 - Presentation", "{1EB95E40-8C08-49AB-8986-405B8B20B3A5}"
EndProject
Project("{2150E333-8FDC-42A3-9474-1A3956D46DE8}") = "2 - Application", "2 - Application", "{BA6E9055-4037-45DA-843E-EA8E6803D20F}"
EndProject
Project("{2150E333-8FDC-42A3-9474-1A3956D46DE8}") = "3 - Domain", "3 - Domain", "{199A562B-67D0-4FA4-8901-1354E8425EA8}"
EndProject
Project("{2150E333-8FDC-42A3-9474-1A3956D46DE8}") = "4 - Infrastucture", "4 - Infrastucture", "{6100DBD5-48F2-4002-B056-FCDB48F29CC6}"
EndProject
Project("{9A19103F-16F7-4668-BE54-9A1E7A4F7556}") = "TeduCoreApp.WebApi", "TeduCoreApp.WebApi\TeduCoreApp.WebApi.csproj", "{65B22616-2894-440A-9D80-FCD67C480E81}"
EndProject
Project("{2150E333-8FDC-42A3-9474-1A3956D46DE8}") = "5 - Tests", "5 - Tests", "{A61BE85D-79C2-4112-AF3C-2EA257DFA14A}"
EndProject
Project("{FAE04EC0-301F-11D3-BF4B-00C04F79EFBC}") = "TeduCoreApp.Utilities.Test", "TeduCoreApp.Utilities.Test\TeduCoreApp.Utilities.Test.csproj", "{088C730D-00F7-4852-A6F8-B1B72B8E903F}"
EndProject
Global
	GlobalSection(SolutionConfigurationPlatforms) = preSolution
		Debug|Any CPU = Debug|Any CPU
		Release|Any CPU = Release|Any CPU
	EndGlobalSection
	GlobalSection(ProjectConfigurationPlatforms) = postSolution
		{A66EE1A2-9F6C-4AC5-A846-BD3274B52F1C}.Debug|Any CPU.ActiveCfg = Debug|Any CPU
		{A66EE1A2-9F6C-4AC5-A846-BD3274B52F1C}.Debug|Any CPU.Build.0 = Debug|Any CPU
		{A66EE1A2-9F6C-4AC5-A846-BD3274B52F1C}.Release|Any CPU.ActiveCfg = Release|Any CPU
		{A66EE1A2-9F6C-4AC5-A846-BD3274B52F1C}.Release|Any CPU.Build.0 = Release|Any CPU
		{77E711E2-EFAA-4278-ACF0-30813ACBF845}.Debug|Any CPU.ActiveCfg = Debug|Any CPU
		{77E711E2-EFAA-4278-ACF0-30813ACBF845}.Debug|Any CPU.Build.0 = Debug|Any CPU
		{77E711E2-EFAA-4278-ACF0-30813ACBF845}.Release|Any CPU.ActiveCfg = Release|Any CPU
		{77E711E2-EFAA-4278-ACF0-30813ACBF845}.Release|Any CPU.Build.0 = Release|Any CPU
		{83C57398-E542-4E93-8F3E-276CA8A65EBA}.Debug|Any CPU.ActiveCfg = Debug|Any CPU
		{83C57398-E542-4E93-8F3E-276CA8A65EBA}.Debug|Any CPU.Build.0 = Debug|Any CPU
		{83C57398-E542-4E93-8F3E-276CA8A65EBA}.Release|Any CPU.ActiveCfg = Release|Any CPU
		{83C57398-E542-4E93-8F3E-276CA8A65EBA}.Release|Any CPU.Build.0 = Release|Any CPU
		{F1EECAE7-433B-417F-A541-F8E2E80C1658}.Debug|Any CPU.ActiveCfg = Debug|Any CPU
		{F1EECAE7-433B-417F-A541-F8E2E80C1658}.Debug|Any CPU.Build.0 = Debug|Any CPU
		{F1EECAE7-433B-417F-A541-F8E2E80C1658}.Release|Any CPU.ActiveCfg = Release|Any CPU
		{F1EECAE7-433B-417F-A541-F8E2E80C1658}.Release|Any CPU.Build.0 = Release|Any CPU
		{58469185-7B2D-4A29-8A08-ED38EED78AC7}.Debug|Any CPU.ActiveCfg = Debug|Any CPU
		{58469185-7B2D-4A29-8A08-ED38EED78AC7}.Debug|Any CPU.Build.0 = Debug|Any CPU
		{58469185-7B2D-4A29-8A08-ED38EED78AC7}.Release|Any CPU.ActiveCfg = Release|Any CPU
		{58469185-7B2D-4A29-8A08-ED38EED78AC7}.Release|Any CPU.Build.0 = Release|Any CPU
		{45A79B69-C0A6-4A12-81AF-F5E2861F3F7E}.Debug|Any CPU.ActiveCfg = Debug|Any CPU
		{45A79B69-C0A6-4A12-81AF-F5E2861F3F7E}.Debug|Any CPU.Build.0 = Debug|Any CPU
		{45A79B69-C0A6-4A12-81AF-F5E2861F3F7E}.Release|Any CPU.ActiveCfg = Release|Any CPU
		{45A79B69-C0A6-4A12-81AF-F5E2861F3F7E}.Release|Any CPU.Build.0 = Release|Any CPU
		{65B22616-2894-440A-9D80-FCD67C480E81}.Debug|Any CPU.ActiveCfg = Debug|Any CPU
		{65B22616-2894-440A-9D80-FCD67C480E81}.Debug|Any CPU.Build.0 = Debug|Any CPU
		{65B22616-2894-440A-9D80-FCD67C480E81}.Release|Any CPU.ActiveCfg = Release|Any CPU
		{65B22616-2894-440A-9D80-FCD67C480E81}.Release|Any CPU.Build.0 = Release|Any CPU
		{088C730D-00F7-4852-A6F8-B1B72B8E903F}.Debug|Any CPU.ActiveCfg = Debug|Any CPU
		{088C730D-00F7-4852-A6F8-B1B72B8E903F}.Debug|Any CPU.Build.0 = Debug|Any CPU
		{088C730D-00F7-4852-A6F8-B1B72B8E903F}.Release|Any CPU.ActiveCfg = Release|Any CPU
		{088C730D-00F7-4852-A6F8-B1B72B8E903F}.Release|Any CPU.Build.0 = Release|Any CPU
	EndGlobalSection
	GlobalSection(SolutionProperties) = preSolution
		HideSolutionNode = FALSE
	EndGlobalSection
	GlobalSection(NestedProjects) = preSolution
		{A66EE1A2-9F6C-4AC5-A846-BD3274B52F1C} = {1EB95E40-8C08-49AB-8986-405B8B20B3A5}
		{77E711E2-EFAA-4278-ACF0-30813ACBF845} = {199A562B-67D0-4FA4-8901-1354E8425EA8}
		{83C57398-E542-4E93-8F3E-276CA8A65EBA} = {199A562B-67D0-4FA4-8901-1354E8425EA8}
		{F1EECAE7-433B-417F-A541-F8E2E80C1658} = {6100DBD5-48F2-4002-B056-FCDB48F29CC6}
		{58469185-7B2D-4A29-8A08-ED38EED78AC7} = {6100DBD5-48F2-4002-B056-FCDB48F29CC6}
		{45A79B69-C0A6-4A12-81AF-F5E2861F3F7E} = {BA6E9055-4037-45DA-843E-EA8E6803D20F}
		{65B22616-2894-440A-9D80-FCD67C480E81} = {1EB95E40-8C08-49AB-8986-405B8B20B3A5}
		{088C730D-00F7-4852-A6F8-B1B72B8E903F} = {A61BE85D-79C2-4112-AF3C-2EA257DFA14A}
	EndGlobalSection
	GlobalSection(ExtensibilityGlobals) = postSolution
		SolutionGuid = {E73549E7-BCC0-41F1-BE68-E1C39828F680}
	EndGlobalSection
EndGlobal
